
Microsoft Visual Studio Solution File, Format Version 12.00
# Visual Studio Version 17
VisualStudioVersion = 17.14.36804.6 d17.14
MinimumVisualStudioVersion = 10.0.40219.1
Project("{FAE04EC0-301F-11D3-BF4B-00C04F79EFBC}") = "MotorPartsInventoryManagement", "MotorPartsInventoryManagement.csproj", "{6673495B-BB64-4EE7-BE3F-FD432DFBCFF8}"
EndProject
Global
	GlobalSection(SolutionConfigurationPlatforms) = preSolution
		Debug|Any CPU = Debug|Any CPU
		Release|Any CPU = Release|Any CPU
	EndGlobalSection
	GlobalSection(ProjectConfigurationPlatforms) = postSolution
		{6673495B-BB64-4EE7-BE3F-FD432DFBCFF8}.Debug|Any CPU.ActiveCfg = Debug|Any CPU
		{6673495B-BB64-4EE7-BE3F-FD432DFBCFF8}.Debug|Any CPU.Build.0 = Debug|Any CPU
		{6673495B-BB64-4EE7-BE3F-FD432DFBCFF8}.Release|Any CPU.ActiveCfg = Release|Any CPU
		{6673495B-BB64-4EE7-BE3F-FD432DFBCFF8}.Release|Any CPU.Build.0 = Release|Any CPU
	EndGlobalSection
	GlobalSection(SolutionProperties) = preSolution
		HideSolutionNode = FALSE
	EndGlobalSection
	GlobalSection(ExtensibilityGlobals) = postSolution
		SolutionGuid = {AC63DDF3-C94D-4048-A761-D5B63F4D430D}
	EndGlobalSection
EndGlobal
